// !$*UTF8*$!
{
	archiveVersion = 1;
	classes = {
	};
	objectVersion = 46;
	objects = {

/* Begin PBXBuildFile section */
		EF157A4D1D79A311007173FF /* Guide.storyboard in Resources */ = {isa = PBXBuildFile; fileRef = EF157A4C1D79A311007173FF /* Guide.storyboard */; };
		EF157A4F1D79A35B007173FF /* Portal.storyboard in Resources */ = {isa = PBXBuildFile; fileRef = EF157A4E1D79A35B007173FF /* Portal.storyboard */; };
		EF157A531D79A5F5007173FF /* Login.storyboard in Resources */ = {isa = PBXBuildFile; fileRef = EF157A521D79A5F5007173FF /* Login.storyboard */; };
		EF157A551D79A71F007173FF /* LoginViewController.swift in Sources */ = {isa = PBXBuildFile; fileRef = EF157A541D79A71F007173FF /* LoginViewController.swift */; };
		EF5012BE1D7669B400DF6DAC /* AppDelegate.swift in Sources */ = {isa = PBXBuildFile; fileRef = EF50128C1D7669B400DF6DAC /* AppDelegate.swift */; };
		EF5012BF1D7669B400DF6DAC /* Assets.xcassets in Resources */ = {isa = PBXBuildFile; fileRef = EF50128D1D7669B400DF6DAC /* Assets.xcassets */; };
		EF5012C01D7669B400DF6DAC /* LaunchScreen.storyboard in Resources */ = {isa = PBXBuildFile; fileRef = EF50128E1D7669B400DF6DAC /* LaunchScreen.storyboard */; };
		EF5012C21D7669B400DF6DAC /* ExampleFormViewController.swift in Sources */ = {isa = PBXBuildFile; fileRef = EF5012951D7669B400DF6DAC /* ExampleFormViewController.swift */; };
		EF5012C31D7669B400DF6DAC /* FirstViewController.swift in Sources */ = {isa = PBXBuildFile; fileRef = EF5012961D7669B400DF6DAC /* FirstViewController.swift */; };
		EF5012C41D7669B400DF6DAC /* SecondViewController.swift in Sources */ = {isa = PBXBuildFile; fileRef = EF5012971D7669B400DF6DAC /* SecondViewController.swift */; };
		EF5012C51D7669B400DF6DAC /* ThirdViewController.swift in Sources */ = {isa = PBXBuildFile; fileRef = EF5012981D7669B400DF6DAC /* ThirdViewController.swift */; };
		EF5012C71D7669B400DF6DAC /* Info.plist in Resources */ = {isa = PBXBuildFile; fileRef = EF5012A61D7669B400DF6DAC /* Info.plist */; };
		EF5012C91D7669B400DF6DAC /* RAMBounceAnimation.swift in Sources */ = {isa = PBXBuildFile; fileRef = EF5012AA1D7669B400DF6DAC /* RAMBounceAnimation.swift */; };
		EF5012CA1D7669B400DF6DAC /* RAMFrameItemAnimation.swift in Sources */ = {isa = PBXBuildFile; fileRef = EF5012AC1D7669B400DF6DAC /* RAMFrameItemAnimation.swift */; };
		EF5012CB1D7669B400DF6DAC /* RAMFumeAnimation.swift in Sources */ = {isa = PBXBuildFile; fileRef = EF5012AE1D7669B400DF6DAC /* RAMFumeAnimation.swift */; };
		EF5012CC1D7669B400DF6DAC /* RAMRotationAnimation.swift in Sources */ = {isa = PBXBuildFile; fileRef = EF5012B01D7669B400DF6DAC /* RAMRotationAnimation.swift */; };
		EF5012CD1D7669B400DF6DAC /* RAMTransitionItemAnimations.swift in Sources */ = {isa = PBXBuildFile; fileRef = EF5012B21D7669B400DF6DAC /* RAMTransitionItemAnimations.swift */; };
		EF5012CE1D7669B400DF6DAC /* Info.plist in Resources */ = {isa = PBXBuildFile; fileRef = EF5012B41D7669B400DF6DAC /* Info.plist */; };
		EF5012CF1D7669B400DF6DAC /* RAMAnimatedTabBarController.swift in Sources */ = {isa = PBXBuildFile; fileRef = EF5012B61D7669B400DF6DAC /* RAMAnimatedTabBarController.swift */; };
		EF5012D01D7669B400DF6DAC /* RAMBadge.swift in Sources */ = {isa = PBXBuildFile; fileRef = EF5012B81D7669B400DF6DAC /* RAMBadge.swift */; };
		EF5012D11D7669B400DF6DAC /* RAMItemAnimationProtocol.swift in Sources */ = {isa = PBXBuildFile; fileRef = EF5012B91D7669B400DF6DAC /* RAMItemAnimationProtocol.swift */; };
		EF5012D31D7669B400DF6DAC /* Images.xcassets in Resources */ = {isa = PBXBuildFile; fileRef = EF5012BB1D7669B400DF6DAC /* Images.xcassets */; };
		EF5012D41D7669B400DF6DAC /* Info.plist in Resources */ = {isa = PBXBuildFile; fileRef = EF5012BC1D7669B400DF6DAC /* Info.plist */; };
		EF5012D51D7669B400DF6DAC /* ViewController.swift in Sources */ = {isa = PBXBuildFile; fileRef = EF5012BD1D7669B400DF6DAC /* ViewController.swift */; };
		EF5012D81D7669D600DF6DAC /* SwiftForms.framework in Frameworks */ = {isa = PBXBuildFile; fileRef = EF5012BA1D7669B400DF6DAC /* SwiftForms.framework */; };
		EF5012D91D7669D600DF6DAC /* SwiftForms.framework in Embed Frameworks */ = {isa = PBXBuildFile; fileRef = EF5012BA1D7669B400DF6DAC /* SwiftForms.framework */; settings = {ATTRIBUTES = (CodeSignOnCopy, RemoveHeadersOnCopy, ); }; };
		EF783DC81D79330C007F5A79 /* YSGuideImgViewController.swift in Sources */ = {isa = PBXBuildFile; fileRef = EF783DC71D79330C007F5A79 /* YSGuideImgViewController.swift */; };
		EF783DCA1D793396007F5A79 /* YSGuidePageViewController.swift in Sources */ = {isa = PBXBuildFile; fileRef = EF783DC91D793396007F5A79 /* YSGuidePageViewController.swift */; };
		EF783DCC1D794377007F5A79 /* YSGuideViewController.swift in Sources */ = {isa = PBXBuildFile; fileRef = EF783DCB1D794377007F5A79 /* YSGuideViewController.swift */; };
		EF783DCE1D79673D007F5A79 /* KeychainWrapper.swift in Sources */ = {isa = PBXBuildFile; fileRef = EF783DCD1D79673D007F5A79 /* KeychainWrapper.swift */; };
		EF783DD11D796823007F5A79 /* KeychainItemAccessibility.swift in Sources */ = {isa = PBXBuildFile; fileRef = EF783DD01D796823007F5A79 /* KeychainItemAccessibility.swift */; };
/* End PBXBuildFile section */

/* Begin PBXCopyFilesBuildPhase section */
		EFCDA80B1D75CC2900D4D207 /* Embed Frameworks */ = {
			isa = PBXCopyFilesBuildPhase;
			buildActionMask = 2147483647;
			dstPath = "";
			dstSubfolderSpec = 10;
			files = (
				EF5012D91D7669D600DF6DAC /* SwiftForms.framework in Embed Frameworks */,
			);
			name = "Embed Frameworks";
			runOnlyForDeploymentPostprocessing = 0;
		};
/* End PBXCopyFilesBuildPhase section */

/* Begin PBXFileReference section */
		EF157A4C1D79A311007173FF /* Guide.storyboard */ = {isa = PBXFileReference; fileEncoding = 4; lastKnownFileType = file.storyboard; path = Guide.storyboard; sourceTree = "<group>"; };
		EF157A4E1D79A35B007173FF /* Portal.storyboard */ = {isa = PBXFileReference; fileEncoding = 4; lastKnownFileType = file.storyboard; path = Portal.storyboard; sourceTree = "<group>"; };
		EF157A521D79A5F5007173FF /* Login.storyboard */ = {isa = PBXFileReference; fileEncoding = 4; lastKnownFileType = file.storyboard; path = Login.storyboard; sourceTree = "<group>"; };
		EF157A541D79A71F007173FF /* LoginViewController.swift */ = {isa = PBXFileReference; fileEncoding = 4; lastKnownFileType = sourcecode.swift; path = LoginViewController.swift; sourceTree = "<group>"; };
		EF50128C1D7669B400DF6DAC /* AppDelegate.swift */ = {isa = PBXFileReference; fileEncoding = 4; lastKnownFileType = sourcecode.swift; path = AppDelegate.swift; sourceTree = "<group>"; };
		EF50128D1D7669B400DF6DAC /* Assets.xcassets */ = {isa = PBXFileReference; lastKnownFileType = folder.assetcatalog; path = Assets.xcassets; sourceTree = "<group>"; };
		EF50128F1D7669B400DF6DAC /* Base */ = {isa = PBXFileReference; lastKnownFileType = file.storyboard; name = Base; path = Base.lproj/LaunchScreen.storyboard; sourceTree = "<group>"; };
		EF5012951D7669B400DF6DAC /* ExampleFormViewController.swift */ = {isa = PBXFileReference; fileEncoding = 4; lastKnownFileType = sourcecode.swift; path = ExampleFormViewController.swift; sourceTree = "<group>"; };
		EF5012961D7669B400DF6DAC /* FirstViewController.swift */ = {isa = PBXFileReference; fileEncoding = 4; lastKnownFileType = sourcecode.swift; path = FirstViewController.swift; sourceTree = "<group>"; };
		EF5012971D7669B400DF6DAC /* SecondViewController.swift */ = {isa = PBXFileReference; fileEncoding = 4; lastKnownFileType = sourcecode.swift; path = SecondViewController.swift; sourceTree = "<group>"; };
		EF5012981D7669B400DF6DAC /* ThirdViewController.swift */ = {isa = PBXFileReference; fileEncoding = 4; lastKnownFileType = sourcecode.swift; path = ThirdViewController.swift; sourceTree = "<group>"; };
		EF5012A51D7669B400DF6DAC /* AnimatedTabBar.h */ = {isa = PBXFileReference; fileEncoding = 4; lastKnownFileType = sourcecode.c.h; path = AnimatedTabBar.h; sourceTree = "<group>"; };
		EF5012A61D7669B400DF6DAC /* Info.plist */ = {isa = PBXFileReference; fileEncoding = 4; lastKnownFileType = text.plist.xml; path = Info.plist; sourceTree = "<group>"; };
		EF5012A71D7669B400DF6DAC /* AnimatedTabBar.framework */ = {isa = PBXFileReference; lastKnownFileType = wrapper.framework; path = AnimatedTabBar.framework; sourceTree = "<group>"; };
		EF5012AA1D7669B400DF6DAC /* RAMBounceAnimation.swift */ = {isa = PBXFileReference; fileEncoding = 4; lastKnownFileType = sourcecode.swift; path = RAMBounceAnimation.swift; sourceTree = "<group>"; };
		EF5012AC1D7669B400DF6DAC /* RAMFrameItemAnimation.swift */ = {isa = PBXFileReference; fileEncoding = 4; lastKnownFileType = sourcecode.swift; path = RAMFrameItemAnimation.swift; sourceTree = "<group>"; };
		EF5012AE1D7669B400DF6DAC /* RAMFumeAnimation.swift */ = {isa = PBXFileReference; fileEncoding = 4; lastKnownFileType = sourcecode.swift; path = RAMFumeAnimation.swift; sourceTree = "<group>"; };
		EF5012B01D7669B400DF6DAC /* RAMRotationAnimation.swift */ = {isa = PBXFileReference; fileEncoding = 4; lastKnownFileType = sourcecode.swift; path = RAMRotationAnimation.swift; sourceTree = "<group>"; };
		EF5012B21D7669B400DF6DAC /* RAMTransitionItemAnimations.swift */ = {isa = PBXFileReference; fileEncoding = 4; lastKnownFileType = sourcecode.swift; path = RAMTransitionItemAnimations.swift; sourceTree = "<group>"; };
		EF5012B41D7669B400DF6DAC /* Info.plist */ = {isa = PBXFileReference; fileEncoding = 4; lastKnownFileType = text.plist.xml; path = Info.plist; sourceTree = "<group>"; };
		EF5012B51D7669B400DF6DAC /* RAMAnimatedTabBarController.h */ = {isa = PBXFileReference; fileEncoding = 4; lastKnownFileType = sourcecode.c.h; path = RAMAnimatedTabBarController.h; sourceTree = "<group>"; };
		EF5012B61D7669B400DF6DAC /* RAMAnimatedTabBarController.swift */ = {isa = PBXFileReference; fileEncoding = 4; lastKnownFileType = sourcecode.swift; path = RAMAnimatedTabBarController.swift; sourceTree = "<group>"; };
		EF5012B81D7669B400DF6DAC /* RAMBadge.swift */ = {isa = PBXFileReference; fileEncoding = 4; lastKnownFileType = sourcecode.swift; path = RAMBadge.swift; sourceTree = "<group>"; };
		EF5012B91D7669B400DF6DAC /* RAMItemAnimationProtocol.swift */ = {isa = PBXFileReference; fileEncoding = 4; lastKnownFileType = sourcecode.swift; path = RAMItemAnimationProtocol.swift; sourceTree = "<group>"; };
		EF5012BA1D7669B400DF6DAC /* SwiftForms.framework */ = {isa = PBXFileReference; lastKnownFileType = wrapper.framework; path = SwiftForms.framework; sourceTree = "<group>"; };
		EF5012BB1D7669B400DF6DAC /* Images.xcassets */ = {isa = PBXFileReference; lastKnownFileType = folder.assetcatalog; path = Images.xcassets; sourceTree = "<group>"; };
		EF5012BC1D7669B400DF6DAC /* Info.plist */ = {isa = PBXFileReference; fileEncoding = 4; lastKnownFileType = text.plist.xml; path = Info.plist; sourceTree = "<group>"; };
		EF5012BD1D7669B400DF6DAC /* ViewController.swift */ = {isa = PBXFileReference; fileEncoding = 4; lastKnownFileType = sourcecode.swift; path = ViewController.swift; sourceTree = "<group>"; };
		EF783DC71D79330C007F5A79 /* YSGuideImgViewController.swift */ = {isa = PBXFileReference; fileEncoding = 4; lastKnownFileType = sourcecode.swift; path = YSGuideImgViewController.swift; sourceTree = "<group>"; };
		EF783DC91D793396007F5A79 /* YSGuidePageViewController.swift */ = {isa = PBXFileReference; fileEncoding = 4; lastKnownFileType = sourcecode.swift; path = YSGuidePageViewController.swift; sourceTree = "<group>"; };
		EF783DCB1D794377007F5A79 /* YSGuideViewController.swift */ = {isa = PBXFileReference; fileEncoding = 4; lastKnownFileType = sourcecode.swift; path = YSGuideViewController.swift; sourceTree = "<group>"; };
		EF783DCD1D79673D007F5A79 /* KeychainWrapper.swift */ = {isa = PBXFileReference; fileEncoding = 4; lastKnownFileType = sourcecode.swift; path = KeychainWrapper.swift; sourceTree = "<group>"; };
		EF783DCF1D796823007F5A79 /* SwiftKeychainWrapper.h */ = {isa = PBXFileReference; fileEncoding = 4; lastKnownFileType = sourcecode.c.h; path = SwiftKeychainWrapper.h; sourceTree = "<group>"; };
		EF783DD01D796823007F5A79 /* KeychainItemAccessibility.swift */ = {isa = PBXFileReference; fileEncoding = 4; lastKnownFileType = sourcecode.swift; path = KeychainItemAccessibility.swift; sourceTree = "<group>"; };
		EFCDA7C71D75C71A00D4D207 /* Portal.temp_caseinsensitive_rename.app */ = {isa = PBXFileReference; explicitFileType = wrapper.application; includeInIndex = 0; path = Portal.temp_caseinsensitive_rename.app; sourceTree = BUILT_PRODUCTS_DIR; };
/* End PBXFileReference section */

/* Begin PBXFrameworksBuildPhase section */
		EFCDA7C41D75C71A00D4D207 /* Frameworks */ = {
			isa = PBXFrameworksBuildPhase;
			buildActionMask = 2147483647;
			files = (
				EF5012D81D7669D600DF6DAC /* SwiftForms.framework in Frameworks */,
			);
			runOnlyForDeploymentPostprocessing = 0;
		};
/* End PBXFrameworksBuildPhase section */

/* Begin PBXGroup section */
		EF157A501D79A5C4007173FF /* Login */ = {
			isa = PBXGroup;
			children = (
				EF157A511D79A5E0007173FF /* Controller */,
				EF157A521D79A5F5007173FF /* Login.storyboard */,
			);
			path = Login;
			sourceTree = "<group>";
		};
		EF157A511D79A5E0007173FF /* Controller */ = {
			isa = PBXGroup;
			children = (
				EF157A541D79A71F007173FF /* LoginViewController.swift */,
			);
			path = Controller;
			sourceTree = "<group>";
		};
		EF50128B1D7669B400DF6DAC /* Portal */ = {
			isa = PBXGroup;
			children = (
				EF50128C1D7669B400DF6DAC /* AppDelegate.swift */,
				EF50128D1D7669B400DF6DAC /* Assets.xcassets */,
				EF50128E1D7669B400DF6DAC /* LaunchScreen.storyboard */,
				EF5012921D7669B400DF6DAC /* Classes */,
				EF5012A31D7669B400DF6DAC /* Frameworks */,
				EF5012BB1D7669B400DF6DAC /* Images.xcassets */,
				EF5012BC1D7669B400DF6DAC /* Info.plist */,
				EF5012BD1D7669B400DF6DAC /* ViewController.swift */,
			);
			path = Portal;
			sourceTree = "<group>";
		};
		EF5012921D7669B400DF6DAC /* Classes */ = {
			isa = PBXGroup;
			children = (
				EF157A501D79A5C4007173FF /* Login */,
				EF783DC51D7932D1007F5A79 /* Guide */,
				EF5012931D7669B400DF6DAC /* Portal */,
			);
			path = Classes;
			sourceTree = "<group>";
		};
		EF5012931D7669B400DF6DAC /* Portal */ = {
			isa = PBXGroup;
			children = (
				EF5012941D7669B400DF6DAC /* Controller */,
				EF5012991D7669B400DF6DAC /* Library */,
				EF5012A21D7669B400DF6DAC /* Model */,
				EF157A4E1D79A35B007173FF /* Portal.storyboard */,
			);
			path = Portal;
			sourceTree = "<group>";
		};
		EF5012941D7669B400DF6DAC /* Controller */ = {
			isa = PBXGroup;
			children = (
				EF5012951D7669B400DF6DAC /* ExampleFormViewController.swift */,
				EF5012961D7669B400DF6DAC /* FirstViewController.swift */,
				EF5012971D7669B400DF6DAC /* SecondViewController.swift */,
				EF5012981D7669B400DF6DAC /* ThirdViewController.swift */,
			);
			path = Controller;
			sourceTree = "<group>";
		};
		EF5012991D7669B400DF6DAC /* Library */ = {
			isa = PBXGroup;
			children = (
				EF783DCF1D796823007F5A79 /* SwiftKeychainWrapper.h */,
				EF783DD01D796823007F5A79 /* KeychainItemAccessibility.swift */,
				EF783DCD1D79673D007F5A79 /* KeychainWrapper.swift */,
			);
			path = Library;
			sourceTree = "<group>";
		};
		EF5012A21D7669B400DF6DAC /* Model */ = {
			isa = PBXGroup;
			children = (
			);
			path = Model;
			sourceTree = "<group>";
		};
		EF5012A31D7669B400DF6DAC /* Frameworks */ = {
			isa = PBXGroup;
			children = (
				EF5012A41D7669B400DF6DAC /* AnimatedTabBar */,
				EF5012A71D7669B400DF6DAC /* AnimatedTabBar.framework */,
				EF5012A81D7669B400DF6DAC /* Animations */,
				EF5012B31D7669B400DF6DAC /* RAMAnimatedTabBarController */,
				EF5012B61D7669B400DF6DAC /* RAMAnimatedTabBarController.swift */,
				EF5012B71D7669B400DF6DAC /* RAMBadge */,
				EF5012B91D7669B400DF6DAC /* RAMItemAnimationProtocol.swift */,
				EF5012BA1D7669B400DF6DAC /* SwiftForms.framework */,
			);
			path = Frameworks;
			sourceTree = "<group>";
		};
		EF5012A41D7669B400DF6DAC /* AnimatedTabBar */ = {
			isa = PBXGroup;
			children = (
				EF5012A51D7669B400DF6DAC /* AnimatedTabBar.h */,
				EF5012A61D7669B400DF6DAC /* Info.plist */,
			);
			path = AnimatedTabBar;
			sourceTree = "<group>";
		};
		EF5012A81D7669B400DF6DAC /* Animations */ = {
			isa = PBXGroup;
			children = (
				EF5012A91D7669B400DF6DAC /* BounceAnimation */,
				EF5012AB1D7669B400DF6DAC /* FrameAnimation */,
				EF5012AD1D7669B400DF6DAC /* FumeAnimation */,
				EF5012AF1D7669B400DF6DAC /* RotationAnimation */,
				EF5012B11D7669B400DF6DAC /* TransitionAniamtions */,
			);
			path = Animations;
			sourceTree = "<group>";
		};
		EF5012A91D7669B400DF6DAC /* BounceAnimation */ = {
			isa = PBXGroup;
			children = (
				EF5012AA1D7669B400DF6DAC /* RAMBounceAnimation.swift */,
			);
			path = BounceAnimation;
			sourceTree = "<group>";
		};
		EF5012AB1D7669B400DF6DAC /* FrameAnimation */ = {
			isa = PBXGroup;
			children = (
				EF5012AC1D7669B400DF6DAC /* RAMFrameItemAnimation.swift */,
			);
			path = FrameAnimation;
			sourceTree = "<group>";
		};
		EF5012AD1D7669B400DF6DAC /* FumeAnimation */ = {
			isa = PBXGroup;
			children = (
				EF5012AE1D7669B400DF6DAC /* RAMFumeAnimation.swift */,
			);
			path = FumeAnimation;
			sourceTree = "<group>";
		};
		EF5012AF1D7669B400DF6DAC /* RotationAnimation */ = {
			isa = PBXGroup;
			children = (
				EF5012B01D7669B400DF6DAC /* RAMRotationAnimation.swift */,
			);
			path = RotationAnimation;
			sourceTree = "<group>";
		};
		EF5012B11D7669B400DF6DAC /* TransitionAniamtions */ = {
			isa = PBXGroup;
			children = (
				EF5012B21D7669B400DF6DAC /* RAMTransitionItemAnimations.swift */,
			);
			path = TransitionAniamtions;
			sourceTree = "<group>";
		};
		EF5012B31D7669B400DF6DAC /* RAMAnimatedTabBarController */ = {
			isa = PBXGroup;
			children = (
				EF5012B41D7669B400DF6DAC /* Info.plist */,
				EF5012B51D7669B400DF6DAC /* RAMAnimatedTabBarController.h */,
			);
			path = RAMAnimatedTabBarController;
			sourceTree = "<group>";
		};
		EF5012B71D7669B400DF6DAC /* RAMBadge */ = {
			isa = PBXGroup;
			children = (
				EF5012B81D7669B400DF6DAC /* RAMBadge.swift */,
			);
			path = RAMBadge;
			sourceTree = "<group>";
		};
		EF783DC51D7932D1007F5A79 /* Guide */ = {
			isa = PBXGroup;
			children = (
				EF783DC61D7932EF007F5A79 /* Controller */,
				EF157A4C1D79A311007173FF /* Guide.storyboard */,
			);
			path = Guide;
			sourceTree = "<group>";
		};
		EF783DC61D7932EF007F5A79 /* Controller */ = {
			isa = PBXGroup;
			children = (
				EF783DC71D79330C007F5A79 /* YSGuideImgViewController.swift */,
				EF783DC91D793396007F5A79 /* YSGuidePageViewController.swift */,
				EF783DCB1D794377007F5A79 /* YSGuideViewController.swift */,
			);
			path = Controller;
			sourceTree = "<group>";
		};
		EFCDA7BE1D75C71A00D4D207 = {
			isa = PBXGroup;
			children = (
				EF50128B1D7669B400DF6DAC /* Portal */,
				EFCDA7C81D75C71A00D4D207 /* Products */,
			);
			sourceTree = "<group>";
		};
		EFCDA7C81D75C71A00D4D207 /* Products */ = {
			isa = PBXGroup;
			children = (
				EFCDA7C71D75C71A00D4D207 /* Portal.temp_caseinsensitive_rename.app */,
			);
			name = Products;
			sourceTree = "<group>";
		};
/* End PBXGroup section */

/* Begin PBXNativeTarget section */
		EFCDA7C61D75C71A00D4D207 /* portal */ = {
			isa = PBXNativeTarget;
			buildConfigurationList = EFCDA7D91D75C71A00D4D207 /* Build configuration list for PBXNativeTarget "portal" */;
			buildPhases = (
				EFCDA7C31D75C71A00D4D207 /* Sources */,
				EFCDA7C41D75C71A00D4D207 /* Frameworks */,
				EFCDA7C51D75C71A00D4D207 /* Resources */,
				EFCDA80B1D75CC2900D4D207 /* Embed Frameworks */,
			);
			buildRules = (
			);
			dependencies = (
			);
			name = portal;
			productName = portal;
			productReference = EFCDA7C71D75C71A00D4D207 /* Portal.temp_caseinsensitive_rename.app */;
			productType = "com.apple.product-type.application";
		};
/* End PBXNativeTarget section */

/* Begin PBXProject section */
		EFCDA7BF1D75C71A00D4D207 /* Project object */ = {
			isa = PBXProject;
			attributes = {
				LastSwiftUpdateCheck = 0730;
				LastUpgradeCheck = 0730;
				ORGANIZATIONNAME = "陈晓克";
				TargetAttributes = {
					EFCDA7C61D75C71A00D4D207 = {
						CreatedOnToolsVersion = 7.3;
						DevelopmentTeam = 6Q6JV9DEFW;
					};
				};
			};
			buildConfigurationList = EFCDA7C21D75C71A00D4D207 /* Build configuration list for PBXProject "Portal" */;
			compatibilityVersion = "Xcode 3.2";
			developmentRegion = English;
			hasScannedForEncodings = 0;
			knownRegions = (
				en,
				Base,
			);
			mainGroup = EFCDA7BE1D75C71A00D4D207;
			productRefGroup = EFCDA7C81D75C71A00D4D207 /* Products */;
			projectDirPath = "";
			projectRoot = "";
			targets = (
				EFCDA7C61D75C71A00D4D207 /* portal */,
			);
		};
/* End PBXProject section */

/* Begin PBXResourcesBuildPhase section */
		EFCDA7C51D75C71A00D4D207 /* Resources */ = {
			isa = PBXResourcesBuildPhase;
			buildActionMask = 2147483647;
			files = (
				EF5012D41D7669B400DF6DAC /* Info.plist in Resources */,
				EF5012BF1D7669B400DF6DAC /* Assets.xcassets in Resources */,
				EF5012D31D7669B400DF6DAC /* Images.xcassets in Resources */,
				EF157A4F1D79A35B007173FF /* Portal.storyboard in Resources */,
				EF5012CE1D7669B400DF6DAC /* Info.plist in Resources */,
				EF157A4D1D79A311007173FF /* Guide.storyboard in Resources */,
				EF5012C01D7669B400DF6DAC /* LaunchScreen.storyboard in Resources */,
				EF5012C71D7669B400DF6DAC /* Info.plist in Resources */,
				EF157A531D79A5F5007173FF /* Login.storyboard in Resources */,
			);
			runOnlyForDeploymentPostprocessing = 0;
		};
/* End PBXResourcesBuildPhase section */

/* Begin PBXSourcesBuildPhase section */
		EFCDA7C31D75C71A00D4D207 /* Sources */ = {
			isa = PBXSourcesBuildPhase;
			buildActionMask = 2147483647;
			files = (
				EF5012C41D7669B400DF6DAC /* SecondViewController.swift in Sources */,
				EF5012D11D7669B400DF6DAC /* RAMItemAnimationProtocol.swift in Sources */,
				EF5012C31D7669B400DF6DAC /* FirstViewController.swift in Sources */,
				EF5012CF1D7669B400DF6DAC /* RAMAnimatedTabBarController.swift in Sources */,
				EF783DCC1D794377007F5A79 /* YSGuideViewController.swift in Sources */,
				EF5012D51D7669B400DF6DAC /* ViewController.swift in Sources */,
				EF5012C51D7669B400DF6DAC /* ThirdViewController.swift in Sources */,
				EF5012D01D7669B400DF6DAC /* RAMBadge.swift in Sources */,
				EF157A551D79A71F007173FF /* LoginViewController.swift in Sources */,
				EF5012C91D7669B400DF6DAC /* RAMBounceAnimation.swift in Sources */,
				EF783DCE1D79673D007F5A79 /* KeychainWrapper.swift in Sources */,
				EF5012CA1D7669B400DF6DAC /* RAMFrameItemAnimation.swift in Sources */,
				EF5012BE1D7669B400DF6DAC /* AppDelegate.swift in Sources */,
				EF5012CB1D7669B400DF6DAC /* RAMFumeAnimation.swift in Sources */,
				EF5012C21D7669B400DF6DAC /* ExampleFormViewController.swift in Sources */,
				EF5012CC1D7669B400DF6DAC /* RAMRotationAnimation.swift in Sources */,
				EF5012CD1D7669B400DF6DAC /* RAMTransitionItemAnimations.swift in Sources */,
				EF783DD11D796823007F5A79 /* KeychainItemAccessibility.swift in Sources */,
				EF783DC81D79330C007F5A79 /* YSGuideImgViewController.swift in Sources */,
				EF783DCA1D793396007F5A79 /* YSGuidePageViewController.swift in Sources */,
			);
			runOnlyForDeploymentPostprocessing = 0;
		};
/* End PBXSourcesBuildPhase section */

/* Begin PBXVariantGroup section */
		EF50128E1D7669B400DF6DAC /* LaunchScreen.storyboard */ = {
			isa = PBXVariantGroup;
			children = (
				EF50128F1D7669B400DF6DAC /* Base */,
			);
			name = LaunchScreen.storyboard;
			sourceTree = "<group>";
		};
/* End PBXVariantGroup section */

/* Begin XCBuildConfiguration section */
		EFCDA7D71D75C71A00D4D207 /* Debug */ = {
			isa = XCBuildConfiguration;
			buildSettings = {
				ALWAYS_SEARCH_USER_PATHS = NO;
				CLANG_ANALYZER_NONNULL = YES;
				CLANG_CXX_LANGUAGE_STANDARD = "gnu++0x";
				CLANG_CXX_LIBRARY = "libc++";
				CLANG_ENABLE_MODULES = YES;
				CLANG_ENABLE_OBJC_ARC = YES;
				CLANG_WARN_BOOL_CONVERSION = YES;
				CLANG_WARN_CONSTANT_CONVERSION = YES;
				CLANG_WARN_DIRECT_OBJC_ISA_USAGE = YES_ERROR;
				CLANG_WARN_EMPTY_BODY = YES;
				CLANG_WARN_ENUM_CONVERSION = YES;
				CLANG_WARN_INT_CONVERSION = YES;
				CLANG_WARN_OBJC_ROOT_CLASS = YES_ERROR;
				CLANG_WARN_UNREACHABLE_CODE = YES;
				CLANG_WARN__DUPLICATE_METHOD_MATCH = YES;
				"CODE_SIGN_IDENTITY[sdk=iphoneos*]" = "iPhone Developer";
				COPY_PHASE_STRIP = NO;
				DEBUG_INFORMATION_FORMAT = dwarf;
				ENABLE_STRICT_OBJC_MSGSEND = YES;
				ENABLE_TESTABILITY = YES;
				GCC_C_LANGUAGE_STANDARD = gnu99;
				GCC_DYNAMIC_NO_PIC = NO;
				GCC_NO_COMMON_BLOCKS = YES;
				GCC_OPTIMIZATION_LEVEL = 0;
				GCC_PREPROCESSOR_DEFINITIONS = (
					"DEBUG=1",
					"$(inherited)",
				);
				GCC_WARN_64_TO_32_BIT_CONVERSION = YES;
				GCC_WARN_ABOUT_RETURN_TYPE = YES_ERROR;
				GCC_WARN_UNDECLARED_SELECTOR = YES;
				GCC_WARN_UNINITIALIZED_AUTOS = YES_AGGRESSIVE;
				GCC_WARN_UNUSED_FUNCTION = YES;
				GCC_WARN_UNUSED_VARIABLE = YES;
				IPHONEOS_DEPLOYMENT_TARGET = 9.3;
				MTL_ENABLE_DEBUG_INFO = YES;
				ONLY_ACTIVE_ARCH = YES;
				SDKROOT = iphoneos;
				SWIFT_OPTIMIZATION_LEVEL = "-Onone";
			};
			name = Debug;
		};
		EFCDA7D81D75C71A00D4D207 /* Release */ = {
			isa = XCBuildConfiguration;
			buildSettings = {
				ALWAYS_SEARCH_USER_PATHS = NO;
				CLANG_ANALYZER_NONNULL = YES;
				CLANG_CXX_LANGUAGE_STANDARD = "gnu++0x";
				CLANG_CXX_LIBRARY = "libc++";
				CLANG_ENABLE_MODULES = YES;
				CLANG_ENABLE_OBJC_ARC = YES;
				CLANG_WARN_BOOL_CONVERSION = YES;
				CLANG_WARN_CONSTANT_CONVERSION = YES;
				CLANG_WARN_DIRECT_OBJC_ISA_USAGE = YES_ERROR;
				CLANG_WARN_EMPTY_BODY = YES;
				CLANG_WARN_ENUM_CONVERSION = YES;
				CLANG_WARN_INT_CONVERSION = YES;
				CLANG_WARN_OBJC_ROOT_CLASS = YES_ERROR;
				CLANG_WARN_UNREACHABLE_CODE = YES;
				CLANG_WARN__DUPLICATE_METHOD_MATCH = YES;
				"CODE_SIGN_IDENTITY[sdk=iphoneos*]" = "iPhone Developer";
				COPY_PHASE_STRIP = NO;
				DEBUG_INFORMATION_FORMAT = "dwarf-with-dsym";
				ENABLE_NS_ASSERTIONS = NO;
				ENABLE_STRICT_OBJC_MSGSEND = YES;
				GCC_C_LANGUAGE_STANDARD = gnu99;
				GCC_NO_COMMON_BLOCKS = YES;
				GCC_WARN_64_TO_32_BIT_CONVERSION = YES;
				GCC_WARN_ABOUT_RETURN_TYPE = YES_ERROR;
				GCC_WARN_UNDECLARED_SELECTOR = YES;
				GCC_WARN_UNINITIALIZED_AUTOS = YES_AGGRESSIVE;
				GCC_WARN_UNUSED_FUNCTION = YES;
				GCC_WARN_UNUSED_VARIABLE = YES;
				IPHONEOS_DEPLOYMENT_TARGET = 9.3;
				MTL_ENABLE_DEBUG_INFO = NO;
				SDKROOT = iphoneos;
				VALIDATE_PRODUCT = YES;
			};
			name = Release;
		};
		EFCDA7DA1D75C71A00D4D207 /* Debug */ = {
			isa = XCBuildConfiguration;
			buildSettings = {
				ASSETCATALOG_COMPILER_APPICON_NAME = AppIcon;
				FRAMEWORK_SEARCH_PATHS = (
					"$(inherited)",
					"$(PROJECT_DIR)/portal/Framework",
					"$(PROJECT_DIR)/Portal/Framework",
					"$(PROJECT_DIR)/Portal/Frameworks",
				);
				INFOPLIST_FILE = Portal/Info.plist;
				LD_RUNPATH_SEARCH_PATHS = "$(inherited) @executable_path/Frameworks";
				PRODUCT_BUNDLE_IDENTIFIER = org.platform.snail.app.portal;
				PRODUCT_NAME = Portal.temp_caseinsensitive_rename;
			};
			name = Debug;
		};
		EFCDA7DB1D75C71A00D4D207 /* Release */ = {
			isa = XCBuildConfiguration;
			buildSettings = {
				ASSETCATALOG_COMPILER_APPICON_NAME = AppIcon;
				FRAMEWORK_SEARCH_PATHS = (
					"$(inherited)",
					"$(PROJECT_DIR)/portal/Framework",
					"$(PROJECT_DIR)/Portal/Framework",
					"$(PROJECT_DIR)/Portal/Frameworks",
				);
				INFOPLIST_FILE = Portal/Info.plist;
				LD_RUNPATH_SEARCH_PATHS = "$(inherited) @executable_path/Frameworks";
				PRODUCT_BUNDLE_IDENTIFIER = org.platform.snail.app.portal;
				PRODUCT_NAME = Portal.temp_caseinsensitive_rename;
			};
			name = Release;
		};
/* End XCBuildConfiguration section */

/* Begin XCConfigurationList section */
		EFCDA7C21D75C71A00D4D207 /* Build configuration list for PBXProject "Portal" */ = {
			isa = XCConfigurationList;
			buildConfigurations = (
				EFCDA7D71D75C71A00D4D207 /* Debug */,
				EFCDA7D81D75C71A00D4D207 /* Release */,
			);
			defaultConfigurationIsVisible = 0;
			defaultConfigurationName = Release;
		};
		EFCDA7D91D75C71A00D4D207 /* Build configuration list for PBXNativeTarget "portal" */ = {
			isa = XCConfigurationList;
			buildConfigurations = (
				EFCDA7DA1D75C71A00D4D207 /* Debug */,
				EFCDA7DB1D75C71A00D4D207 /* Release */,
			);
			defaultConfigurationIsVisible = 0;
			defaultConfigurationName = Release;
		};
/* End XCConfigurationList section */
	};
	rootObject = EFCDA7BF1D75C71A00D4D207 /* Project object */;
}
