// !$*UTF8*$!
{
	archiveVersion = 1;
	classes = {
	};
	objectVersion = 46;
	objects = {

/* Begin PBXBuildFile section */
		EFCDA7CB1D75C71A00D4D207 /* AppDelegate.swift in Sources */ = {isa = PBXBuildFile; fileRef = EFCDA7CA1D75C71A00D4D207 /* AppDelegate.swift */; };
		EFCDA7CD1D75C71A00D4D207 /* ViewController.swift in Sources */ = {isa = PBXBuildFile; fileRef = EFCDA7CC1D75C71A00D4D207 /* ViewController.swift */; };
		EFCDA7D01D75C71A00D4D207 /* Main.storyboard in Resources */ = {isa = PBXBuildFile; fileRef = EFCDA7CE1D75C71A00D4D207 /* Main.storyboard */; };
		EFCDA7D21D75C71A00D4D207 /* Assets.xcassets in Resources */ = {isa = PBXBuildFile; fileRef = EFCDA7D11D75C71A00D4D207 /* Assets.xcassets */; };
		EFCDA7D51D75C71A00D4D207 /* LaunchScreen.storyboard in Resources */ = {isa = PBXBuildFile; fileRef = EFCDA7D31D75C71A00D4D207 /* LaunchScreen.storyboard */; };
/* End PBXBuildFile section */

/* Begin PBXFileReference section */
		EFCDA7C71D75C71A00D4D207 /* portal.app */ = {isa = PBXFileReference; explicitFileType = wrapper.application; includeInIndex = 0; path = portal.app; sourceTree = BUILT_PRODUCTS_DIR; };
		EFCDA7CA1D75C71A00D4D207 /* AppDelegate.swift */ = {isa = PBXFileReference; lastKnownFileType = sourcecode.swift; path = AppDelegate.swift; sourceTree = "<group>"; };
		EFCDA7CC1D75C71A00D4D207 /* ViewController.swift */ = {isa = PBXFileReference; lastKnownFileType = sourcecode.swift; path = ViewController.swift; sourceTree = "<group>"; };
		EFCDA7CF1D75C71A00D4D207 /* Base */ = {isa = PBXFileReference; lastKnownFileType = file.storyboard; name = Base; path = Base.lproj/Main.storyboard; sourceTree = "<group>"; };
		EFCDA7D11D75C71A00D4D207 /* Assets.xcassets */ = {isa = PBXFileReference; lastKnownFileType = folder.assetcatalog; path = Assets.xcassets; sourceTree = "<group>"; };
		EFCDA7D41D75C71A00D4D207 /* Base */ = {isa = PBXFileReference; lastKnownFileType = file.storyboard; name = Base; path = Base.lproj/LaunchScreen.storyboard; sourceTree = "<group>"; };
		EFCDA7D61D75C71A00D4D207 /* Info.plist */ = {isa = PBXFileReference; lastKnownFileType = text.plist.xml; path = Info.plist; sourceTree = "<group>"; };
/* End PBXFileReference section */

/* Begin PBXFrameworksBuildPhase section */
		EFCDA7C41D75C71A00D4D207 /* Frameworks */ = {
			isa = PBXFrameworksBuildPhase;
			buildActionMask = 2147483647;
			files = (
			);
			runOnlyForDeploymentPostprocessing = 0;
		};
/* End PBXFrameworksBuildPhase section */

/* Begin PBXGroup section */
		EFCDA7BE1D75C71A00D4D207 = {
			isa = PBXGroup;
			children = (
				EFCDA7C91D75C71A00D4D207 /* portal */,
				EFCDA7C81D75C71A00D4D207 /* Products */,
			);
			sourceTree = "<group>";
		};
		EFCDA7C81D75C71A00D4D207 /* Products */ = {
			isa = PBXGroup;
			children = (
				EFCDA7C71D75C71A00D4D207 /* portal.app */,
			);
			name = Products;
			sourceTree = "<group>";
		};
		EFCDA7C91D75C71A00D4D207 /* portal */ = {
			isa = PBXGroup;
			children = (
				EFCDA7CA1D75C71A00D4D207 /* AppDelegate.swift */,
				EFCDA7CC1D75C71A00D4D207 /* ViewController.swift */,
				EFCDA7CE1D75C71A00D4D207 /* Main.storyboard */,
				EFCDA7D11D75C71A00D4D207 /* Assets.xcassets */,
				EFCDA7D31D75C71A00D4D207 /* LaunchScreen.storyboard */,
				EFCDA7D61D75C71A00D4D207 /* Info.plist */,
			);
			path = portal;
			sourceTree = "<group>";
		};
/* End PBXGroup section */

/* Begin PBXNativeTarget section */
		EFCDA7C61D75C71A00D4D207 /* portal */ = {
			isa = PBXNativeTarget;
			buildConfigurationList = EFCDA7D91D75C71A00D4D207 /* Build configuration list for PBXNativeTarget "portal" */;
			buildPhases = (
				EFCDA7C31D75C71A00D4D207 /* Sources */,
				EFCDA7C41D75C71A00D4D207 /* Frameworks */,
				EFCDA7C51D75C71A00D4D207 /* Resources */,
			);
			buildRules = (
			);
			dependencies = (
			);
			name = portal;
			productName = portal;
			productReference = EFCDA7C71D75C71A00D4D207 /* portal.app */;
			productType = "com.apple.product-type.application";
		};
/* End PBXNativeTarget section */

/* Begin PBXProject section */
		EFCDA7BF1D75C71A00D4D207 /* Project object */ = {
			isa = PBXProject;
			attributes = {
				LastSwiftUpdateCheck = 0730;
				LastUpgradeCheck = 0730;
				ORGANIZATIONNAME = "陈晓克";
				TargetAttributes = {
					EFCDA7C61D75C71A00D4D207 = {
						CreatedOnToolsVersion = 7.3;
						DevelopmentTeam = 6Q6JV9DEFW;
					};
				};
			};
			buildConfigurationList = EFCDA7C21D75C71A00D4D207 /* Build configuration list for PBXProject "portal" */;
			compatibilityVersion = "Xcode 3.2";
			developmentRegion = English;
			hasScannedForEncodings = 0;
			knownRegions = (
				en,
				Base,
			);
			mainGroup = EFCDA7BE1D75C71A00D4D207;
			productRefGroup = EFCDA7C81D75C71A00D4D207 /* Products */;
			projectDirPath = "";
			projectRoot = "";
			targets = (
				EFCDA7C61D75C71A00D4D207 /* portal */,
			);
		};
/* End PBXProject section */

/* Begin PBXResourcesBuildPhase section */
		EFCDA7C51D75C71A00D4D207 /* Resources */ = {
			isa = PBXResourcesBuildPhase;
			buildActionMask = 2147483647;
			files = (
				EFCDA7D51D75C71A00D4D207 /* LaunchScreen.storyboard in Resources */,
				EFCDA7D21D75C71A00D4D207 /* Assets.xcassets in Resources */,
				EFCDA7D01D75C71A00D4D207 /* Main.storyboard in Resources */,
			);
			runOnlyForDeploymentPostprocessing = 0;
		};
/* End PBXResourcesBuildPhase section */

/* Begin PBXSourcesBuildPhase section */
		EFCDA7C31D75C71A00D4D207 /* Sources */ = {
			isa = PBXSourcesBuildPhase;
			buildActionMask = 2147483647;
			files = (
				EFCDA7CD1D75C71A00D4D207 /* ViewController.swift in Sources */,
				EFCDA7CB1D75C71A00D4D207 /* AppDelegate.swift in Sources */,
			);
			runOnlyForDeploymentPostprocessing = 0;
		};
/* End PBXSourcesBuildPhase section */

/* Begin PBXVariantGroup section */
		EFCDA7CE1D75C71A00D4D207 /* Main.storyboard */ = {
			isa = PBXVariantGroup;
			children = (
				EFCDA7CF1D75C71A00D4D207 /* Base */,
			);
			name = Main.storyboard;
			sourceTree = "<group>";
		};
		EFCDA7D31D75C71A00D4D207 /* LaunchScreen.storyboard */ = {
			isa = PBXVariantGroup;
			children = (
				EFCDA7D41D75C71A00D4D207 /* Base */,
			);
			name = LaunchScreen.storyboard;
			sourceTree = "<group>";
		};
/* End PBXVariantGroup section */

/* Begin XCBuildConfiguration section */
		EFCDA7D71D75C71A00D4D207 /* Debug */ = {
			isa = XCBuildConfiguration;
			buildSettings = {
				ALWAYS_SEARCH_USER_PATHS = NO;
				CLANG_ANALYZER_NONNULL = YES;
				CLANG_CXX_LANGUAGE_STANDARD = "gnu++0x";
				CLANG_CXX_LIBRARY = "libc++";
				CLANG_ENABLE_MODULES = YES;
				CLANG_ENABLE_OBJC_ARC = YES;
				CLANG_WARN_BOOL_CONVERSION = YES;
				CLANG_WARN_CONSTANT_CONVERSION = YES;
				CLANG_WARN_DIRECT_OBJC_ISA_USAGE = YES_ERROR;
				CLANG_WARN_EMPTY_BODY = YES;
				CLANG_WARN_ENUM_CONVERSION = YES;
				CLANG_WARN_INT_CONVERSION = YES;
				CLANG_WARN_OBJC_ROOT_CLASS = YES_ERROR;
				CLANG_WARN_UNREACHABLE_CODE = YES;
				CLANG_WARN__DUPLICATE_METHOD_MATCH = YES;
				"CODE_SIGN_IDENTITY[sdk=iphoneos*]" = "iPhone Developer";
				COPY_PHASE_STRIP = NO;
				DEBUG_INFORMATION_FORMAT = dwarf;
				ENABLE_STRICT_OBJC_MSGSEND = YES;
				ENABLE_TESTABILITY = YES;
				GCC_C_LANGUAGE_STANDARD = gnu99;
				GCC_DYNAMIC_NO_PIC = NO;
				GCC_NO_COMMON_BLOCKS = YES;
				GCC_OPTIMIZATION_LEVEL = 0;
				GCC_PREPROCESSOR_DEFINITIONS = (
					"DEBUG=1",
					"$(inherited)",
				);
				GCC_WARN_64_TO_32_BIT_CONVERSION = YES;
				GCC_WARN_ABOUT_RETURN_TYPE = YES_ERROR;
				GCC_WARN_UNDECLARED_SELECTOR = YES;
				GCC_WARN_UNINITIALIZED_AUTOS = YES_AGGRESSIVE;
				GCC_WARN_UNUSED_FUNCTION = YES;
				GCC_WARN_UNUSED_VARIABLE = YES;
				IPHONEOS_DEPLOYMENT_TARGET = 9.3;
				MTL_ENABLE_DEBUG_INFO = YES;
				ONLY_ACTIVE_ARCH = YES;
				SDKROOT = iphoneos;
				SWIFT_OPTIMIZATION_LEVEL = "-Onone";
			};
			name = Debug;
		};
		EFCDA7D81D75C71A00D4D207 /* Release */ = {
			isa = XCBuildConfiguration;
			buildSettings = {
				ALWAYS_SEARCH_USER_PATHS = NO;
				CLANG_ANALYZER_NONNULL = YES;
				CLANG_CXX_LANGUAGE_STANDARD = "gnu++0x";
				CLANG_CXX_LIBRARY = "libc++";
				CLANG_ENABLE_MODULES = YES;
				CLANG_ENABLE_OBJC_ARC = YES;
				CLANG_WARN_BOOL_CONVERSION = YES;
				CLANG_WARN_CONSTANT_CONVERSION = YES;
				CLANG_WARN_DIRECT_OBJC_ISA_USAGE = YES_ERROR;
				CLANG_WARN_EMPTY_BODY = YES;
				CLANG_WARN_ENUM_CONVERSION = YES;
				CLANG_WARN_INT_CONVERSION = YES;
				CLANG_WARN_OBJC_ROOT_CLASS = YES_ERROR;
				CLANG_WARN_UNREACHABLE_CODE = YES;
				CLANG_WARN__DUPLICATE_METHOD_MATCH = YES;
				"CODE_SIGN_IDENTITY[sdk=iphoneos*]" = "iPhone Developer";
				COPY_PHASE_STRIP = NO;
				DEBUG_INFORMATION_FORMAT = "dwarf-with-dsym";
				ENABLE_NS_ASSERTIONS = NO;
				ENABLE_STRICT_OBJC_MSGSEND = YES;
				GCC_C_LANGUAGE_STANDARD = gnu99;
				GCC_NO_COMMON_BLOCKS = YES;
				GCC_WARN_64_TO_32_BIT_CONVERSION = YES;
				GCC_WARN_ABOUT_RETURN_TYPE = YES_ERROR;
				GCC_WARN_UNDECLARED_SELECTOR = YES;
				GCC_WARN_UNINITIALIZED_AUTOS = YES_AGGRESSIVE;
				GCC_WARN_UNUSED_FUNCTION = YES;
				GCC_WARN_UNUSED_VARIABLE = YES;
				IPHONEOS_DEPLOYMENT_TARGET = 9.3;
				MTL_ENABLE_DEBUG_INFO = NO;
				SDKROOT = iphoneos;
				VALIDATE_PRODUCT = YES;
			};
			name = Release;
		};
		EFCDA7DA1D75C71A00D4D207 /* Debug */ = {
			isa = XCBuildConfiguration;
			buildSettings = {
				ASSETCATALOG_COMPILER_APPICON_NAME = AppIcon;
				INFOPLIST_FILE = portal/Info.plist;
				LD_RUNPATH_SEARCH_PATHS = "$(inherited) @executable_path/Frameworks";
				PRODUCT_BUNDLE_IDENTIFIER = org.platform.snail.app.portal;
				PRODUCT_NAME = "$(TARGET_NAME)";
			};
			name = Debug;
		};
		EFCDA7DB1D75C71A00D4D207 /* Release */ = {
			isa = XCBuildConfiguration;
			buildSettings = {
				ASSETCATALOG_COMPILER_APPICON_NAME = AppIcon;
				INFOPLIST_FILE = portal/Info.plist;
				LD_RUNPATH_SEARCH_PATHS = "$(inherited) @executable_path/Frameworks";
				PRODUCT_BUNDLE_IDENTIFIER = org.platform.snail.app.portal;
				PRODUCT_NAME = "$(TARGET_NAME)";
			};
			name = Release;
		};
/* End XCBuildConfiguration section */

/* Begin XCConfigurationList section */
		EFCDA7C21D75C71A00D4D207 /* Build configuration list for PBXProject "portal" */ = {
			isa = XCConfigurationList;
			buildConfigurations = (
				EFCDA7D71D75C71A00D4D207 /* Debug */,
				EFCDA7D81D75C71A00D4D207 /* Release */,
			);
			defaultConfigurationIsVisible = 0;
			defaultConfigurationName = Release;
		};
		EFCDA7D91D75C71A00D4D207 /* Build configuration list for PBXNativeTarget "portal" */ = {
			isa = XCConfigurationList;
			buildConfigurations = (
				EFCDA7DA1D75C71A00D4D207 /* Debug */,
				EFCDA7DB1D75C71A00D4D207 /* Release */,
			);
			defaultConfigurationIsVisible = 0;
		};
/* End XCConfigurationList section */
	};
	rootObject = EFCDA7BF1D75C71A00D4D207 /* Project object */;
}
